
Microsoft Visual Studio Solution File, Format Version 12.00
# Visual Studio Version 17
VisualStudioVersion = 17.0.31903.59
MinimumVisualStudioVersion = 10.0.40219.1
Project("{2150E333-8FDC-42A3-9474-1A3956D46DE8}") = "..root", "..root", "{1CD1249E-3D53-4419-A9E5-B2FA4CEFE4A1}"
	ProjectSection(SolutionItems) = preProject
		.editorconfig = .editorconfig
		.gitignore = .gitignore
		LICENSE = LICENSE
		Directory.Build.props = Directory.Build.props
		Directory.Build.targets = Directory.Build.targets
	EndProjectSection
EndProject
Project("{2150E333-8FDC-42A3-9474-1A3956D46DE8}") = ".github", ".github", "{EACF2E82-E29E-4FFA-9221-6B99BA8EF949}"
	ProjectSection(SolutionItems) = preProject
		.github\dependabot.yml = .github\dependabot.yml
	EndProjectSection
EndProject
Project("{2150E333-8FDC-42A3-9474-1A3956D46DE8}") = "src", "src", "{F4A198C1-432A-4EBD-B9A9-D8B87CE8DBDA}"
EndProject
Project("{FAE04EC0-301F-11D3-BF4B-00C04F79EFBC}") = "FredrikHr.DotnetGeneralPurpose.Extlib.Prototype", "src\FredrikHr.DotnetGeneralPurpose.Extlib.Prototype\FredrikHr.DotnetGeneralPurpose.Extlib.Prototype.csproj", "{8A6FB438-4029-441D-A23E-77CE325C923A}"
EndProject
Project("{2150E333-8FDC-42A3-9474-1A3956D46DE8}") = "test", "test", "{93B9EE03-D93C-43F7-9CF0-89EF417538F2}"
	ProjectSection(SolutionItems) = preProject
		test\Directory.Build.props = test\Directory.Build.props
	EndProjectSection
EndProject
Project("{FAE04EC0-301F-11D3-BF4B-00C04F79EFBC}") = "FredrikHr.DotnetGeneralPurpose.Extlib.Test", "test\FredrikHr.DotnetGeneralPurpose.Extlib.Test\FredrikHr.DotnetGeneralPurpose.Extlib.Test.csproj", "{3D8363B5-3986-4937-B1C8-4166FFE7DEA4}"
EndProject
Global
	GlobalSection(SolutionConfigurationPlatforms) = preSolution
		Debug|Any CPU = Debug|Any CPU
		Release|Any CPU = Release|Any CPU
	EndGlobalSection
	GlobalSection(ProjectConfigurationPlatforms) = postSolution
		{8A6FB438-4029-441D-A23E-77CE325C923A}.Debug|Any CPU.ActiveCfg = Debug|Any CPU
		{8A6FB438-4029-441D-A23E-77CE325C923A}.Debug|Any CPU.Build.0 = Debug|Any CPU
		{8A6FB438-4029-441D-A23E-77CE325C923A}.Release|Any CPU.ActiveCfg = Release|Any CPU
		{8A6FB438-4029-441D-A23E-77CE325C923A}.Release|Any CPU.Build.0 = Release|Any CPU
		{3D8363B5-3986-4937-B1C8-4166FFE7DEA4}.Debug|Any CPU.ActiveCfg = Debug|Any CPU
		{3D8363B5-3986-4937-B1C8-4166FFE7DEA4}.Debug|Any CPU.Build.0 = Debug|Any CPU
		{3D8363B5-3986-4937-B1C8-4166FFE7DEA4}.Release|Any CPU.ActiveCfg = Release|Any CPU
		{3D8363B5-3986-4937-B1C8-4166FFE7DEA4}.Release|Any CPU.Build.0 = Release|Any CPU
	EndGlobalSection
	GlobalSection(SolutionProperties) = preSolution
		HideSolutionNode = FALSE
	EndGlobalSection
	GlobalSection(NestedProjects) = preSolution
		{8A6FB438-4029-441D-A23E-77CE325C923A} = {F4A198C1-432A-4EBD-B9A9-D8B87CE8DBDA}
		{3D8363B5-3986-4937-B1C8-4166FFE7DEA4} = {93B9EE03-D93C-43F7-9CF0-89EF417538F2}
	EndGlobalSection
EndGlobal
